
Microsoft Visual Studio Solution File, Format Version 12.00
# Visual Studio Version 16
VisualStudioVersion = 16.0.30907.101
MinimumVisualStudioVersion = 10.0.40219.1
Project("{FAE04EC0-301F-11D3-BF4B-00C04F79EFBC}") = "MyDelegate", "MyDelegate\MyDelegate.csproj", "{020C773E-1C51-4D72-A917-53C2251C5FAE}"
EndProject
Global
	GlobalSection(SolutionConfigurationPlatforms) = preSolution
		Debug|Any CPU = Debug|Any CPU
		Release|Any CPU = Release|Any CPU
	EndGlobalSection
	GlobalSection(ProjectConfigurationPlatforms) = postSolution
		{020C773E-1C51-4D72-A917-53C2251C5FAE}.Debug|Any CPU.ActiveCfg = Debug|Any CPU
		{020C773E-1C51-4D72-A917-53C2251C5FAE}.Debug|Any CPU.Build.0 = Debug|Any CPU
		{020C773E-1C51-4D72-A917-53C2251C5FAE}.Release|Any CPU.ActiveCfg = Release|Any CPU
		{020C773E-1C51-4D72-A917-53C2251C5FAE}.Release|Any CPU.Build.0 = Release|Any CPU
	EndGlobalSection
	GlobalSection(SolutionProperties) = preSolution
		HideSolutionNode = FALSE
	EndGlobalSection
	GlobalSection(ExtensibilityGlobals) = postSolution
		SolutionGuid = {729E9EB4-1AB6-4C0F-8EA0-96EA43D7E4B6}
	EndGlobalSection
EndGlobal
